
Microsoft Visual Studio Solution File, Format Version 12.00
# Visual Studio Version 17
VisualStudioVersion = 17.9.34723.18
MinimumVisualStudioVersion = 10.0.40219.1
Project("{FAE04EC0-301F-11D3-BF4B-00C04F79EFBC}") = "EcoletaApp", "EcoletaApp\EcoletaApp.csproj", "{1581634E-4810-42FD-8B4C-1270534E6E47}"
EndProject
Global
	GlobalSection(SolutionConfigurationPlatforms) = preSolution
		Debug|Any CPU = Debug|Any CPU
		Release|Any CPU = Release|Any CPU
	EndGlobalSection
	GlobalSection(ProjectConfigurationPlatforms) = postSolution
		{1581634E-4810-42FD-8B4C-1270534E6E47}.Debug|Any CPU.ActiveCfg = Debug|Any CPU
		{1581634E-4810-42FD-8B4C-1270534E6E47}.Debug|Any CPU.Build.0 = Debug|Any CPU
		{1581634E-4810-42FD-8B4C-1270534E6E47}.Debug|Any CPU.Deploy.0 = Debug|Any CPU
		{1581634E-4810-42FD-8B4C-1270534E6E47}.Release|Any CPU.ActiveCfg = Release|Any CPU
		{1581634E-4810-42FD-8B4C-1270534E6E47}.Release|Any CPU.Build.0 = Release|Any CPU
		{1581634E-4810-42FD-8B4C-1270534E6E47}.Release|Any CPU.Deploy.0 = Release|Any CPU
	EndGlobalSection
	GlobalSection(SolutionProperties) = preSolution
		HideSolutionNode = FALSE
	EndGlobalSection
	GlobalSection(ExtensibilityGlobals) = postSolution
		SolutionGuid = {42EE02ED-2032-427B-AC44-2C717687E60D}
	EndGlobalSection
EndGlobal
