
Microsoft Visual Studio Solution File, Format Version 12.00
# Visual Studio Version 17
VisualStudioVersion = 17.0.31903.59
MinimumVisualStudioVersion = 10.0.40219.1
Project("{FAE04EC0-301F-11D3-BF4B-00C04F79EFBC}") = "api", "api.csproj", "{346664F2-25F0-48E8-801A-4E721A195D0E}"
EndProject
Global
	GlobalSection(SolutionConfigurationPlatforms) = preSolution
		Debug|Any CPU = Debug|Any CPU
		Release|Any CPU = Release|Any CPU
	EndGlobalSection
	GlobalSection(SolutionProperties) = preSolution
		HideSolutionNode = FALSE
	EndGlobalSection
	GlobalSection(ProjectConfigurationPlatforms) = postSolution
		{346664F2-25F0-48E8-801A-4E721A195D0E}.Debug|Any CPU.ActiveCfg = Debug|Any CPU
		{346664F2-25F0-48E8-801A-4E721A195D0E}.Debug|Any CPU.Build.0 = Debug|Any CPU
		{346664F2-25F0-48E8-801A-4E721A195D0E}.Release|Any CPU.ActiveCfg = Release|Any CPU
		{346664F2-25F0-48E8-801A-4E721A195D0E}.Release|Any CPU.Build.0 = Release|Any CPU
	EndGlobalSection
EndGlobal
